
Microsoft Visual Studio Solution File, Format Version 12.00
# Visual Studio Version 17
VisualStudioVersion = 17.6.33815.320
MinimumVisualStudioVersion = 10.0.40219.1
Project("{9A19103F-16F7-4668-BE54-9A1E7A4F7556}") = "MicroservicioCatalogos", "MicroservicioCatalogos\MicroservicioCatalogos.csproj", "{37ECA196-27CB-45CE-9DA0-8565C88C6866}"
EndProject
Project("{9A19103F-16F7-4668-BE54-9A1E7A4F7556}") = "DB", "DB\DB.csproj", "{D18A8D97-C42F-4BEB-A68C-C4C215CF3ADA}"
EndProject
Project("{FAE04EC0-301F-11D3-BF4B-00C04F79EFBC}") = "DBOld", "DBOld\DBOld.csproj", "{BAC11D27-F1ED-4C73-8467-D5915238407B}"
EndProject
Global
	GlobalSection(SolutionConfigurationPlatforms) = preSolution
		Debug|Any CPU = Debug|Any CPU
		Release|Any CPU = Release|Any CPU
	EndGlobalSection
	GlobalSection(ProjectConfigurationPlatforms) = postSolution
		{37ECA196-27CB-45CE-9DA0-8565C88C6866}.Debug|Any CPU.ActiveCfg = Debug|Any CPU
		{37ECA196-27CB-45CE-9DA0-8565C88C6866}.Debug|Any CPU.Build.0 = Debug|Any CPU
		{37ECA196-27CB-45CE-9DA0-8565C88C6866}.Release|Any CPU.ActiveCfg = Release|Any CPU
		{37ECA196-27CB-45CE-9DA0-8565C88C6866}.Release|Any CPU.Build.0 = Release|Any CPU
		{D18A8D97-C42F-4BEB-A68C-C4C215CF3ADA}.Debug|Any CPU.ActiveCfg = Debug|Any CPU
		{D18A8D97-C42F-4BEB-A68C-C4C215CF3ADA}.Debug|Any CPU.Build.0 = Debug|Any CPU
		{D18A8D97-C42F-4BEB-A68C-C4C215CF3ADA}.Release|Any CPU.ActiveCfg = Release|Any CPU
		{D18A8D97-C42F-4BEB-A68C-C4C215CF3ADA}.Release|Any CPU.Build.0 = Release|Any CPU
		{BAC11D27-F1ED-4C73-8467-D5915238407B}.Debug|Any CPU.ActiveCfg = Debug|Any CPU
		{BAC11D27-F1ED-4C73-8467-D5915238407B}.Debug|Any CPU.Build.0 = Debug|Any CPU
		{BAC11D27-F1ED-4C73-8467-D5915238407B}.Release|Any CPU.ActiveCfg = Release|Any CPU
		{BAC11D27-F1ED-4C73-8467-D5915238407B}.Release|Any CPU.Build.0 = Release|Any CPU
	EndGlobalSection
	GlobalSection(SolutionProperties) = preSolution
		HideSolutionNode = FALSE
	EndGlobalSection
	GlobalSection(ExtensibilityGlobals) = postSolution
		SolutionGuid = {EBA44881-1995-4147-B753-EE254C0A620D}
	EndGlobalSection
EndGlobal
